<?xml version="1.0" encoding="UTF-8" standalone="yes" ?>
<CodeBlocks_project_file>
	<FileVersion major="1" minor="6" />
	<Project>
		<Option title="Juego 2048" />
		<Option pch_mode="2" />
		<Option compiler="gcc" />
		<Build>
			<Target title="Debug">
				<Option output="bin/Debug/Juego 2048" prefix_auto="1" extension_auto="1" />
				<Option object_output="obj/Debug/" />
				<Option type="1" />
				<Option compiler="gcc" />
				<Compiler>
					<Add option="-g" />
					<Add directory="include" />
				</Compiler>
			</Target>
			<Target title="Release">
				<Option output="bin/Release/Juego 2048" prefix_auto="1" extension_auto="1" />
				<Option object_output="obj/Release/" />
				<Option type="1" />
				<Option compiler="gcc" />
				<Compiler>
					<Add option="-O2" />
					<Add directory="include" />
				</Compiler>
				<Linker>
					<Add option="-s" />
				</Linker>
			</Target>
		</Build>
		<Compiler>
			<Add option="-Wall" />
			<Add option="-fexceptions" />
			<Add directory="SFML-2.6.1/include" />
			<Add directory="box2d/include" />
		</Compiler>
		<Linker>
			<Add library="sfml-system" />
			<Add library="sfml-window" />
			<Add library="sfml-graphics" />
			<Add library="box2d" />
			<Add directory="SFML-2.6.1/lib" />
			<Add directory="box2d/lib" />
		</Linker>
		<Unit filename="ArchivoLogin.cpp" />
		<Unit filename="ArchivoLogin.h">
			<Option target="&lt;{~None~}&gt;" />
		</Unit>
		<Unit filename="Juego 2048.cbp" />
		<Unit filename="Login.cpp" />
		<Unit filename="Login.h" />
		<Unit filename="Usuario.cpp" />
		<Unit filename="Usuario.h">
			<Option target="&lt;{~None~}&gt;" />
		</Unit>
		<Unit filename="Ventanas.cpp" />
		<Unit filename="Ventanas.h">
			<Option target="&lt;{~None~}&gt;" />
		</Unit>
		<Unit filename="include/Login.h" />
		<Unit filename="main.cpp" />
		<Extensions>
			<lib_finder disable_auto="1" />
		</Extensions>
	</Project>
</CodeBlocks_project_file>
